
Microsoft Visual Studio Solution File, Format Version 12.00
# Visual Studio Version 17
VisualStudioVersion = 17.8.34227.203
MinimumVisualStudioVersion = 10.0.40219.1
Project("{FAE04EC0-301F-11D3-BF4B-00C04F79EFBC}") = "JsonGrpcService", "JsonGrpcService\JsonGrpcService.csproj", "{457F7DAB-D045-4BCD-9F9E-6C196A889A3D}"
EndProject
Global
	GlobalSection(SolutionConfigurationPlatforms) = preSolution
		Debug|Any CPU = Debug|Any CPU
		Release|Any CPU = Release|Any CPU
	EndGlobalSection
	GlobalSection(ProjectConfigurationPlatforms) = postSolution
		{457F7DAB-D045-4BCD-9F9E-6C196A889A3D}.Debug|Any CPU.ActiveCfg = Debug|Any CPU
		{457F7DAB-D045-4BCD-9F9E-6C196A889A3D}.Debug|Any CPU.Build.0 = Debug|Any CPU
		{457F7DAB-D045-4BCD-9F9E-6C196A889A3D}.Release|Any CPU.ActiveCfg = Release|Any CPU
		{457F7DAB-D045-4BCD-9F9E-6C196A889A3D}.Release|Any CPU.Build.0 = Release|Any CPU
	EndGlobalSection
	GlobalSection(SolutionProperties) = preSolution
		HideSolutionNode = FALSE
	EndGlobalSection
	GlobalSection(ExtensibilityGlobals) = postSolution
		SolutionGuid = {19ABA665-ADC0-42C9-8AE1-7E9B1921DCF6}
	EndGlobalSection
EndGlobal
